
Microsoft Visual Studio Solution File, Format Version 12.00
# Visual Studio Version 17
VisualStudioVersion = 17.4.33110.190
MinimumVisualStudioVersion = 10.0.40219.1
Project("{888888A0-9F3D-457C-B088-3A5042F75D52}") = "PillServicesPythonEnv", "PillServicesPythonEnv\PillServicesPythonEnv.pyproj", "{EB0DB750-1E82-459A-8E13-F89005E0ABFE}"
EndProject
Global
	GlobalSection(SolutionConfigurationPlatforms) = preSolution
		Debug|Any CPU = Debug|Any CPU
		Release|Any CPU = Release|Any CPU
	EndGlobalSection
	GlobalSection(ProjectConfigurationPlatforms) = postSolution
		{EB0DB750-1E82-459A-8E13-F89005E0ABFE}.Debug|Any CPU.ActiveCfg = Debug|Any CPU
		{EB0DB750-1E82-459A-8E13-F89005E0ABFE}.Debug|Any CPU.Build.0 = Debug|Any CPU
		{EB0DB750-1E82-459A-8E13-F89005E0ABFE}.Release|Any CPU.ActiveCfg = Release|Any CPU
		{EB0DB750-1E82-459A-8E13-F89005E0ABFE}.Release|Any CPU.Build.0 = Release|Any CPU
	EndGlobalSection
	GlobalSection(SolutionProperties) = preSolution
		HideSolutionNode = FALSE
	EndGlobalSection
	GlobalSection(ExtensibilityGlobals) = postSolution
		SolutionGuid = {8CBA2629-A6EB-4858-9FE4-9E4D6D658FFC}
	EndGlobalSection
EndGlobal
